
Microsoft Visual Studio Solution File, Format Version 12.00
# Visual Studio Version 16
VisualStudioVersion = 16.0.29709.97
MinimumVisualStudioVersion = 10.0.40219.1
Project("{FAE04EC0-301F-11D3-BF4B-00C04F79EFBC}") = "AvaloniaSerialManager", "AvaloniaSerialManager\AvaloniaSerialManager.csproj", "{6F70536C-173E-47BE-9571-00247A3691D9}"
EndProject
Global
	GlobalSection(SolutionConfigurationPlatforms) = preSolution
		Debug|Any CPU = Debug|Any CPU
		Release|Any CPU = Release|Any CPU
	EndGlobalSection
	GlobalSection(ProjectConfigurationPlatforms) = postSolution
		{6F70536C-173E-47BE-9571-00247A3691D9}.Debug|Any CPU.ActiveCfg = Debug|Any CPU
		{6F70536C-173E-47BE-9571-00247A3691D9}.Debug|Any CPU.Build.0 = Debug|Any CPU
		{6F70536C-173E-47BE-9571-00247A3691D9}.Release|Any CPU.ActiveCfg = Release|Any CPU
		{6F70536C-173E-47BE-9571-00247A3691D9}.Release|Any CPU.Build.0 = Release|Any CPU
	EndGlobalSection
	GlobalSection(SolutionProperties) = preSolution
		HideSolutionNode = FALSE
	EndGlobalSection
	GlobalSection(ExtensibilityGlobals) = postSolution
		SolutionGuid = {D074FD15-8297-4920-AC3D-B2D9648F8F95}
	EndGlobalSection
EndGlobal
